
Microsoft Visual Studio Solution File, Format Version 12.00
# Visual Studio 15
VisualStudioVersion = 15.0.26403.7
MinimumVisualStudioVersion = 10.0.40219.1
Project("{FAE04EC0-301F-11D3-BF4B-00C04F79EFBC}") = "ICMSBulgaria", "ICMSBulgaria\ICMSBulgaria.csproj", "{8809B520-5D5F-4D30-A97B-9DBD7A47C66B}"
EndProject
Global
	GlobalSection(SolutionConfigurationPlatforms) = preSolution
		Ad-Hoc|iPhone = Ad-Hoc|iPhone
		Ad-Hoc|iPhoneSimulator = Ad-Hoc|iPhoneSimulator
		AppStore|iPhone = AppStore|iPhone
		AppStore|iPhoneSimulator = AppStore|iPhoneSimulator
		Debug|iPhone = Debug|iPhone
		Debug|iPhoneSimulator = Debug|iPhoneSimulator
		Release|iPhone = Release|iPhone
		Release|iPhoneSimulator = Release|iPhoneSimulator
	EndGlobalSection
	GlobalSection(ProjectConfigurationPlatforms) = postSolution
		{8809B520-5D5F-4D30-A97B-9DBD7A47C66B}.Ad-Hoc|iPhone.ActiveCfg = Ad-Hoc|iPhone
		{8809B520-5D5F-4D30-A97B-9DBD7A47C66B}.Ad-Hoc|iPhone.Build.0 = Ad-Hoc|iPhone
		{8809B520-5D5F-4D30-A97B-9DBD7A47C66B}.Ad-Hoc|iPhoneSimulator.ActiveCfg = Ad-Hoc|iPhoneSimulator
		{8809B520-5D5F-4D30-A97B-9DBD7A47C66B}.Ad-Hoc|iPhoneSimulator.Build.0 = Ad-Hoc|iPhoneSimulator
		{8809B520-5D5F-4D30-A97B-9DBD7A47C66B}.AppStore|iPhone.ActiveCfg = AppStore|iPhone
		{8809B520-5D5F-4D30-A97B-9DBD7A47C66B}.AppStore|iPhone.Build.0 = AppStore|iPhone
		{8809B520-5D5F-4D30-A97B-9DBD7A47C66B}.AppStore|iPhoneSimulator.ActiveCfg = AppStore|iPhoneSimulator
		{8809B520-5D5F-4D30-A97B-9DBD7A47C66B}.AppStore|iPhoneSimulator.Build.0 = AppStore|iPhoneSimulator
		{8809B520-5D5F-4D30-A97B-9DBD7A47C66B}.Debug|iPhone.ActiveCfg = Debug|iPhone
		{8809B520-5D5F-4D30-A97B-9DBD7A47C66B}.Debug|iPhone.Build.0 = Debug|iPhone
		{8809B520-5D5F-4D30-A97B-9DBD7A47C66B}.Debug|iPhone.Deploy.0 = Debug|iPhone
		{8809B520-5D5F-4D30-A97B-9DBD7A47C66B}.Debug|iPhoneSimulator.ActiveCfg = Debug|iPhoneSimulator
		{8809B520-5D5F-4D30-A97B-9DBD7A47C66B}.Debug|iPhoneSimulator.Build.0 = Debug|iPhoneSimulator
		{8809B520-5D5F-4D30-A97B-9DBD7A47C66B}.Release|iPhone.ActiveCfg = Release|iPhone
		{8809B520-5D5F-4D30-A97B-9DBD7A47C66B}.Release|iPhone.Build.0 = Release|iPhone
		{8809B520-5D5F-4D30-A97B-9DBD7A47C66B}.Release|iPhoneSimulator.ActiveCfg = Release|iPhoneSimulator
		{8809B520-5D5F-4D30-A97B-9DBD7A47C66B}.Release|iPhoneSimulator.Build.0 = Release|iPhoneSimulator
	EndGlobalSection
	GlobalSection(SolutionProperties) = preSolution
		HideSolutionNode = FALSE
	EndGlobalSection
EndGlobal
